
Microsoft Visual Studio Solution File, Format Version 12.00
# Visual Studio Version 16
VisualStudioVersion = 16.0.29609.76
MinimumVisualStudioVersion = 10.0.40219.1
Project("{FAE04EC0-301F-11D3-BF4B-00C04F79EFBC}") = "spellchecker", "spellchecker\spellchecker.csproj", "{6F8BE29D-12BB-4394-8E9A-33B58C0E2EBE}"
EndProject
Global
	GlobalSection(SolutionConfigurationPlatforms) = preSolution
		Debug|Any CPU = Debug|Any CPU
		Debug|x64 = Debug|x64
		Debug|x86 = Debug|x86
		Release|Any CPU = Release|Any CPU
		Release|x64 = Release|x64
		Release|x86 = Release|x86
	EndGlobalSection
	GlobalSection(ProjectConfigurationPlatforms) = postSolution
		{6F8BE29D-12BB-4394-8E9A-33B58C0E2EBE}.Debug|Any CPU.ActiveCfg = Debug|Any CPU
		{6F8BE29D-12BB-4394-8E9A-33B58C0E2EBE}.Debug|Any CPU.Build.0 = Debug|Any CPU
		{6F8BE29D-12BB-4394-8E9A-33B58C0E2EBE}.Debug|x64.ActiveCfg = Debug|Any CPU
		{6F8BE29D-12BB-4394-8E9A-33B58C0E2EBE}.Debug|x64.Build.0 = Debug|Any CPU
		{6F8BE29D-12BB-4394-8E9A-33B58C0E2EBE}.Debug|x86.ActiveCfg = Debug|Any CPU
		{6F8BE29D-12BB-4394-8E9A-33B58C0E2EBE}.Debug|x86.Build.0 = Debug|Any CPU
		{6F8BE29D-12BB-4394-8E9A-33B58C0E2EBE}.Release|Any CPU.ActiveCfg = Release|Any CPU
		{6F8BE29D-12BB-4394-8E9A-33B58C0E2EBE}.Release|Any CPU.Build.0 = Release|Any CPU
		{6F8BE29D-12BB-4394-8E9A-33B58C0E2EBE}.Release|x64.ActiveCfg = Release|Any CPU
		{6F8BE29D-12BB-4394-8E9A-33B58C0E2EBE}.Release|x64.Build.0 = Release|Any CPU
		{6F8BE29D-12BB-4394-8E9A-33B58C0E2EBE}.Release|x86.ActiveCfg = Release|Any CPU
		{6F8BE29D-12BB-4394-8E9A-33B58C0E2EBE}.Release|x86.Build.0 = Release|Any CPU
	EndGlobalSection
	GlobalSection(SolutionProperties) = preSolution
		HideSolutionNode = FALSE
	EndGlobalSection
	GlobalSection(ExtensibilityGlobals) = postSolution
		SolutionGuid = {1DCAE813-75C8-436C-BDA5-765AFE43E724}
	EndGlobalSection
EndGlobal
